{
  "name": "md_app-ae",
  "version": "1.0.0",
  "lockfileVersion": 3,
  "requires": true,
  "packages": {
    "": {
      "name": "md_app-ae",
      "version": "1.0.0",
      "license": "ISC",
      "dependencies": {
        "@capacitor/android": "^8.4.2",
        "@capacitor/assets": "^3.0.5",
        "@capacitor/cli": "^8.4.2",
        "@capacitor/core": "^8.4.2"
      }
    },
    "node_modules/@babel/code-frame": {
      "version": "7.29.7",
      "resolved": "https://registry.npmjs.org/@babel/code-frame/-/code-frame-7.29.7.tgz",
      "integrity": "sha512-Aup7aUOfpbAUg2ROOJN6Iw5f9DMBlzu0mIkm/malLQFN/YQgO48wCj0Kxa3sEHJvPVFg7siR+qRInwXd2qhQKw==",
      "license": "MIT",
      "dependencies": {
        "@babel/helper-validator-identifier": "^7.29.7",
        "js-tokens": "^4.0.0",
        "picocolors": "^1.1.1"
      },
      "engines": {
        "node": ">=6.9.0"
      }
    },
    "node_modules/@babel/helper-validator-identifier": {
      "version": "7.29.7",
      "resolved": "https://registry.npmjs.org/@babel/helper-validator-identifier/-/helper-validator-identifier-7.29.7.tgz",
      "integrity": "sha512-qehxGkRj55h/ff8EMaJ+cYhyaKlHIxqYDn682wQD7RNp9UujOQsHog2uS0r2vzr4pW+sXf90NeeayjcNaX3fFg==",
      "license": "MIT",
      "engines": {
        "node": ">=6.9.0"
      }
    },
    "node_modules/@capacitor/android": {
      "version": "8.4.2",
      "resolved": "https://registry.npmjs.org/@capacitor/android/-/android-8.4.2.tgz",
      "integrity": "sha512-bzf8XZ9C+ePgOQ+e+T0fnhHGH4aCNY494vvSQIF5w4AY07RwEmkFqZs1678DDSMH0hLSQpxEwXGFNUVcXO6bBA==",
      "license": "MIT",
      "peerDependencies": {
        "@capacitor/core": "^8.4.0"
      }
    },
    "node_modules/@capacitor/assets": {
      "version": "3.0.5",
      "resolved": "https://registry.npmjs.org/@capacitor/assets/-/assets-3.0.5.tgz",
      "integrity": "sha512-ohz/OUq61Y1Fc6aVSt0uDrUdeOA7oTH4pkWDbv/8I3UrPjH7oPkzYhShuDRUjekNp9RBi198VSFdt0CetpEOzw==",
      "license": "MIT",
      "dependencies": {
        "@capacitor/cli": "^5.3.0",
        "@ionic/utils-array": "2.1.6",
        "@ionic/utils-fs": "3.1.7",
        "@trapezedev/project": "^7.0.10",
        "commander": "8.3.0",
        "debug": "4.3.4",
        "fs-extra": "10.1.0",
        "node-fetch": "2.7.0",
        "node-html-parser": "5.4.2",
        "sharp": "0.32.6",
        "tslib": "2.6.2",
        "yargs": "17.7.2"
      },
      "bin": {
        "capacitor-assets": "bin/capacitor-assets"
      },
      "engines": {
        "node": ">=10.3.0"
      }
    },
    "node_modules/@capacitor/assets/node_modules/@capacitor/cli": {
      "version": "5.7.8",
      "resolved": "https://registry.npmjs.org/@capacitor/cli/-/cli-5.7.8.tgz",
      "integrity": "sha512-qN8LDlREMhrYhOvVXahoJVNkP8LP55/YPRJrzTAFrMqlNJC18L3CzgWYIblFPnuwfbH/RxbfoZT/ydkwgVpMrw==",
      "license": "MIT",
      "dependencies": {
        "@ionic/cli-framework-output": "^2.2.5",
        "@ionic/utils-fs": "^3.1.6",
        "@ionic/utils-subprocess": "^2.1.11",
        "@ionic/utils-terminal": "^2.3.3",
        "commander": "^9.3.0",
        "debug": "^4.3.4",
        "env-paths": "^2.2.0",
        "kleur": "^4.1.4",
        "native-run": "^2.0.0",
        "open": "^8.4.0",
        "plist": "^3.0.5",
        "prompts": "^2.4.2",
        "rimraf": "^4.4.1",
        "semver": "^7.3.7",
        "tar": "^6.1.11",
        "tslib": "^2.4.0",
        "xml2js": "^0.5.0"
      },
      "bin": {
        "cap": "bin/capacitor",
        "capacitor": "bin/capacitor"
      },
      "engines": {
        "node": ">=16.0.0"
      }
    },
    "node_modules/@capacitor/assets/node_modules/@capacitor/cli/node_modules/commander": {
      "version": "9.5.0",
      "resolved": "https://registry.npmjs.org/commander/-/commander-9.5.0.tgz",
      "integrity": "sha512-KRs7WVDKg86PWiuAqhDrAQnTXZKraVcCc6vFdL14qrZ/DcWwuRo7VoiYXalXO7S5GKpqYiVEwCbgFDfxNHKJBQ==",
      "license": "MIT",
      "engines": {
        "node": "^12.20.0 || >=14"
      }
    },
    "node_modules/@capacitor/assets/node_modules/@ionic/utils-process": {
      "version": "2.1.11",
      "resolved": "https://registry.npmjs.org/@ionic/utils-process/-/utils-process-2.1.11.tgz",
      "integrity": "sha512-Uavxn+x8j3rDlZEk1X7YnaN6wCgbCwYQOeIjv/m94i1dzslqWhqIHEqxEyeE8HsT5Negboagg7GtQiABy+BLbA==",
      "license": "MIT",
      "dependencies": {
        "@ionic/utils-object": "2.1.6",
        "@ionic/utils-terminal": "2.3.4",
        "debug": "^4.0.0",
        "signal-exit": "^3.0.3",
        "tree-kill": "^1.2.2",
        "tslib": "^2.0.1"
      },
      "engines": {
        "node": ">=16.0.0"
      }
    },
    "node_modules/@capacitor/assets/node_modules/@ionic/utils-stream": {
      "version": "3.1.6",
      "resolved": "https://registry.npmjs.org/@ionic/utils-stream/-/utils-stream-3.1.6.tgz",
      "integrity": "sha512-4+Kitey1lTA1yGtnigeYNhV/0tggI3lWBMjC7tBs1K9GXa/q7q4CtOISppdh8QgtOhrhAXS2Igp8rbko/Cj+lA==",
      "license": "MIT",
      "dependencies": {
        "debug": "^4.0.0",
        "tslib": "^2.0.1"
      },
      "engines": {
        "node": ">=16.0.0"
      }
    },
    "node_modules/@capacitor/assets/node_modules/@ionic/utils-subprocess": {
      "version": "2.1.14",
      "resolved": "https://registry.npmjs.org/@ionic/utils-subprocess/-/utils-subprocess-2.1.14.tgz",
      "integrity": "sha512-nGYvyGVjU0kjPUcSRFr4ROTraT3w/7r502f5QJEsMRKTqa4eEzCshtwRk+/mpASm0kgBN5rrjYA5A/OZg8ahqg==",
      "license": "MIT",
      "dependencies": {
        "@ionic/utils-array": "2.1.6",
        "@ionic/utils-fs": "3.1.7",
        "@ionic/utils-process": "2.1.11",
        "@ionic/utils-stream": "3.1.6",
        "@ionic/utils-terminal": "2.3.4",
        "cross-spawn": "^7.0.3",
        "debug": "^4.0.0",
        "tslib": "^2.0.1"
      },
      "engines": {
        "node": ">=16.0.0"
      }
    },
    "node_modules/@capacitor/assets/node_modules/@ionic/utils-terminal": {
      "version": "2.3.4",
      "resolved": "https://registry.npmjs.org/@ionic/utils-terminal/-/utils-terminal-2.3.4.tgz",
      "integrity": "sha512-cEiMFl3jklE0sW60r8JHH3ijFTwh/jkdEKWbylSyExQwZ8pPuwoXz7gpkWoJRLuoRHHSvg+wzNYyPJazIHfoJA==",
      "license": "MIT",
      "dependencies": {
        "@types/slice-ansi": "^4.0.0",
        "debug": "^4.0.0",
        "signal-exit": "^3.0.3",
        "slice-ansi": "^4.0.0",
        "string-width": "^4.1.0",
        "strip-ansi": "^6.0.0",
        "tslib": "^2.0.1",
        "untildify": "^4.0.0",
        "wrap-ansi": "^7.0.0"
      },
      "engines": {
        "node": ">=16.0.0"
      }
    },
    "node_modules/@capacitor/assets/node_modules/balanced-match": {
      "version": "1.0.2",
      "resolved": "https://registry.npmjs.org/balanced-match/-/balanced-match-1.0.2.tgz",
      "integrity": "sha512-3oSeUO0TMV67hN1AmbXsK4yaqU7tjiHlbxRDZOpH0KW9+CeX4bRAaX0Anxt0tx2MrpRpWwQaPwIlISEJhYU5Pw==",
      "license": "MIT"
    },
    "node_modules/@capacitor/assets/node_modules/brace-expansion": {
      "version": "2.1.2",
      "resolved": "https://registry.npmjs.org/brace-expansion/-/brace-expansion-2.1.2.tgz",
      "integrity": "sha512-w5JZcKgdhDOgOwm8H+KgbosopHMuGcl6qbulwjtz3SM7I7P3yW1eAjzMPLrIE+NQ9vjgANKHWeMHnrT0OXW1oA==",
      "license": "MIT",
      "dependencies": {
        "balanced-match": "^1.0.0"
      }
    },
    "node_modules/@capacitor/assets/node_modules/chownr": {
      "version": "2.0.0",
      "resolved": "https://registry.npmjs.org/chownr/-/chownr-2.0.0.tgz",
      "integrity": "sha512-bIomtDF5KGpdogkLd9VspvFzk9KfpyyGlS8YFVZl7TGPBHL5snIOnxeshwVgPteQ9b4Eydl+pVbIyE1DcvCWgQ==",
      "license": "ISC",
      "engines": {
        "node": ">=10"
      }
    },
    "node_modules/@capacitor/assets/node_modules/commander": {
      "version": "8.3.0",
      "resolved": "https://registry.npmjs.org/commander/-/commander-8.3.0.tgz",
      "integrity": "sha512-OkTL9umf+He2DZkUq8f8J9of7yL6RJKI24dVITBmNfZBmri9zYZQrKkuXiKhyfPSu8tUhnVBB1iKXevvnlR4Ww==",
      "license": "MIT",
      "engines": {
        "node": ">= 12"
      }
    },
    "node_modules/@capacitor/assets/node_modules/debug": {
      "version": "4.3.4",
      "resolved": "https://registry.npmjs.org/debug/-/debug-4.3.4.tgz",
      "integrity": "sha512-PRWFHuSU3eDtQJPvnNY7Jcket1j0t5OuOsFzPPzsekD52Zl8qUfFIPEiswXqIvHWGVHOgX+7G/vCNNhehwxfkQ==",
      "license": "MIT",
      "dependencies": {
        "ms": "2.1.2"
      },
      "engines": {
        "node": ">=6.0"
      },
      "peerDependenciesMeta": {
        "supports-color": {
          "optional": true
        }
      }
    },
    "node_modules/@capacitor/assets/node_modules/fs-extra": {
      "version": "10.1.0",
      "resolved": "https://registry.npmjs.org/fs-extra/-/fs-extra-10.1.0.tgz",
      "integrity": "sha512-oRXApq54ETRj4eMiFzGnHWGy+zo5raudjuxN0b8H7s/RU2oW0Wvsx9O0ACRN/kRq9E8Vu/ReskGB5o3ji+FzHQ==",
      "license": "MIT",
      "dependencies": {
        "graceful-fs": "^4.2.0",
        "jsonfile": "^6.0.1",
        "universalify": "^2.0.0"
      },
      "engines": {
        "node": ">=12"
      }
    },
    "node_modules/@capacitor/assets/node_modules/glob": {
      "version": "9.3.5",
      "resolved": "https://registry.npmjs.org/glob/-/glob-9.3.5.tgz",
      "integrity": "sha512-e1LleDykUz2Iu+MTYdkSsuWX8lvAjAcs0Xef0lNIu0S2wOAzuTxCJtcd9S3cijlwYF18EsU3rzb8jPVobxDh9Q==",
      "deprecated": "Old versions of glob are not supported, and contain widely publicized security vulnerabilities, which have been fixed in the current version. Please update. Support for old versions may be purchased (at exorbitant rates) by contacting i@izs.me",
      "license": "ISC",
      "dependencies": {
        "fs.realpath": "^1.0.0",
        "minimatch": "^8.0.2",
        "minipass": "^4.2.4",
        "path-scurry": "^1.6.1"
      },
      "engines": {
        "node": ">=16 || 14 >=14.17"
      },
      "funding": {
        "url": "https://github.com/sponsors/isaacs"
      }
    },
    "node_modules/@capacitor/assets/node_modules/lru-cache": {
      "version": "10.4.3",
      "resolved": "https://registry.npmjs.org/lru-cache/-/lru-cache-10.4.3.tgz",
      "integrity": "sha512-JNAzZcXrCt42VGLuYz0zfAzDfAvJWW6AfYlDBQyDV5DClI2m5sAmK+OIO7s59XfsRsWHp02jAJrRadPRGTt6SQ==",
      "license": "ISC"
    },
    "node_modules/@capacitor/assets/node_modules/minimatch": {
      "version": "8.0.7",
      "resolved": "https://registry.npmjs.org/minimatch/-/minimatch-8.0.7.tgz",
      "integrity": "sha512-V+1uQNdzybxa14e/p00HZnQNNcTjnRJjDxg2V8wtkjFctq4M7hXFws4oekyTP0Jebeq7QYtpFyOeBAjc88zvYg==",
      "license": "ISC",
      "dependencies": {
        "brace-expansion": "^2.0.1"
      },
      "engines": {
        "node": ">=16 || 14 >=14.17"
      },
      "funding": {
        "url": "https://github.com/sponsors/isaacs"
      }
    },
    "node_modules/@capacitor/assets/node_modules/minipass": {
      "version": "4.2.8",
      "resolved": "https://registry.npmjs.org/minipass/-/minipass-4.2.8.tgz",
      "integrity": "sha512-fNzuVyifolSLFL4NzpF+wEF4qrgqaaKX0haXPQEdQ7NKAN+WecoKMHV09YcuL/DHxrUsYQOK3MiuDf7Ip2OXfQ==",
      "license": "ISC",
      "engines": {
        "node": ">=8"
      }
    },
    "node_modules/@capacitor/assets/node_modules/minizlib": {
      "version": "2.1.2",
      "resolved": "https://registry.npmjs.org/minizlib/-/minizlib-2.1.2.tgz",
      "integrity": "sha512-bAxsR8BVfj60DWXHE3u30oHzfl4G7khkSuPW+qvpd7jFRHm7dLxOjUk1EHACJ/hxLY8phGJ0YhYHZo7jil7Qdg==",
      "license": "MIT",
      "dependencies": {
        "minipass": "^3.0.0",
        "yallist": "^4.0.0"
      },
      "engines": {
        "node": ">= 8"
      }
    },
    "node_modules/@capacitor/assets/node_modules/minizlib/node_modules/minipass": {
      "version": "3.3.6",
      "resolved": "https://registry.npmjs.org/minipass/-/minipass-3.3.6.tgz",
      "integrity": "sha512-DxiNidxSEK+tHG6zOIklvNOwm3hvCrbUrdtzY74U6HKTJxvIDfOUL5W5P2Ghd3DTkhhKPYGqeNUIh5qcM4YBfw==",
      "license": "ISC",
      "dependencies": {
        "yallist": "^4.0.0"
      },
      "engines": {
        "node": ">=8"
      }
    },
    "node_modules/@capacitor/assets/node_modules/ms": {
      "version": "2.1.2",
      "resolved": "https://registry.npmjs.org/ms/-/ms-2.1.2.tgz",
      "integrity": "sha512-sGkPx+VjMtmA6MX27oA4FBFELFCZZ4S4XqeGOXCv68tT+jb3vk/RyaKWP0PTKyWtmLSM0b+adUTEvbs1PEaH2w==",
      "license": "MIT"
    },
    "node_modules/@capacitor/assets/node_modules/path-scurry": {
      "version": "1.11.1",
      "resolved": "https://registry.npmjs.org/path-scurry/-/path-scurry-1.11.1.tgz",
      "integrity": "sha512-Xa4Nw17FS9ApQFJ9umLiJS4orGjm7ZzwUrwamcGQuHSzDyth9boKDaycYdDcZDuqYATXw4HFXgaqWTctW/v1HA==",
      "license": "BlueOak-1.0.0",
      "dependencies": {
        "lru-cache": "^10.2.0",
        "minipass": "^5.0.0 || ^6.0.2 || ^7.0.0"
      },
      "engines": {
        "node": ">=16 || 14 >=14.18"
      },
      "funding": {
        "url": "https://github.com/sponsors/isaacs"
      }
    },
    "node_modules/@capacitor/assets/node_modules/path-scurry/node_modules/minipass": {
      "version": "7.1.3",
      "resolved": "https://registry.npmjs.org/minipass/-/minipass-7.1.3.tgz",
      "integrity": "sha512-tEBHqDnIoM/1rXME1zgka9g6Q2lcoCkxHLuc7ODJ5BxbP5d4c2Z5cGgtXAku59200Cx7diuHTOYfSBD8n6mm8A==",
      "license": "BlueOak-1.0.0",
      "engines": {
        "node": ">=16 || 14 >=14.17"
      }
    },
    "node_modules/@capacitor/assets/node_modules/rimraf": {
      "version": "4.4.1",
      "resolved": "https://registry.npmjs.org/rimraf/-/rimraf-4.4.1.tgz",
      "integrity": "sha512-Gk8NlF062+T9CqNGn6h4tls3k6T1+/nXdOcSZVikNVtlRdYpA7wRJJMoXmuvOnLW844rPjdQ7JgXCYM6PPC/og==",
      "license": "ISC",
      "dependencies": {
        "glob": "^9.2.0"
      },
      "bin": {
        "rimraf": "dist/cjs/src/bin.js"
      },
      "engines": {
        "node": ">=14"
      },
      "funding": {
        "url": "https://github.com/sponsors/isaacs"
      }
    },
    "node_modules/@capacitor/assets/node_modules/tar": {
      "version": "6.2.1",
      "resolved": "https://registry.npmjs.org/tar/-/tar-6.2.1.tgz",
      "integrity": "sha512-DZ4yORTwrbTj/7MZYq2w+/ZFdI6OZ/f9SFHR+71gIVUZhOQPHzVCLpvRnPgyaMpfWxxk/4ONva3GQSyNIKRv6A==",
      "deprecated": "Old versions of tar are not supported, and contain widely publicized security vulnerabilities, which have been fixed in the current version. Please update. Support for old versions may be purchased (at exorbitant rates) by contacting i@izs.me",
      "license": "ISC",
      "dependencies": {
        "chownr": "^2.0.0",
        "fs-minipass": "^2.0.0",
        "minipass": "^5.0.0",
        "minizlib": "^2.1.1",
        "mkdirp": "^1.0.3",
        "yallist": "^4.0.0"
      },
      "engines": {
        "node": ">=10"
      }
    },
    "node_modules/@capacitor/assets/node_modules/tar/node_modules/minipass": {
      "version": "5.0.0",
      "resolved": "https://registry.npmjs.org/minipass/-/minipass-5.0.0.tgz",
      "integrity": "sha512-3FnjYuehv9k6ovOEbyOswadCDPX1piCfhV8ncmYtHOjuPwylVWsghTLo7rabjC3Rx5xD4HDx8Wm1xnMF7S5qFQ==",
      "license": "ISC",
      "engines": {
        "node": ">=8"
      }
    },
    "node_modules/@capacitor/assets/node_modules/tslib": {
      "version": "2.6.2",
      "resolved": "https://registry.npmjs.org/tslib/-/tslib-2.6.2.tgz",
      "integrity": "sha512-AEYxH93jGFPn/a2iVAwW87VuUIkR1FVUKB77NwMF7nBTDkDrrT/Hpt/IrCJ0QXhW27jTBDcf5ZY7w6RiqTMw2Q==",
      "license": "0BSD"
    },
    "node_modules/@capacitor/assets/node_modules/xml2js": {
      "version": "0.5.0",
      "resolved": "https://registry.npmjs.org/xml2js/-/xml2js-0.5.0.tgz",
      "integrity": "sha512-drPFnkQJik/O+uPKpqSgr22mpuFHqKdbS835iAQrUC73L2F5WkboIRd63ai/2Yg6I1jzifPFKH2NTK+cfglkIA==",
      "license": "MIT",
      "dependencies": {
        "sax": ">=0.6.0",
        "xmlbuilder": "~11.0.0"
      },
      "engines": {
        "node": ">=4.0.0"
      }
    },
    "node_modules/@capacitor/assets/node_modules/xmlbuilder": {
      "version": "11.0.1",
      "resolved": "https://registry.npmjs.org/xmlbuilder/-/xmlbuilder-11.0.1.tgz",
      "integrity": "sha512-fDlsI/kFEx7gLvbecc0/ohLG50fugQp8ryHzMTuW9vSa1GJ0XYWKnhsUx7oie3G98+r56aTQIUB4kht42R3JvA==",
      "license": "MIT",
      "engines": {
        "node": ">=4.0"
      }
    },
    "node_modules/@capacitor/assets/node_modules/yallist": {
      "version": "4.0.0",
      "resolved": "https://registry.npmjs.org/yallist/-/yallist-4.0.0.tgz",
      "integrity": "sha512-3wdGidZyq5PB084XLES5TpOSRA3wjXAlIWMhum2kRcv/41Sn2emQ0dycQW4uZXLejwKvg6EsvbdlVL+FYEct7A==",
      "license": "ISC"
    },
    "node_modules/@capacitor/cli": {
      "version": "8.4.2",
      "resolved": "https://registry.npmjs.org/@capacitor/cli/-/cli-8.4.2.tgz",
      "integrity": "sha512-hE4HmpMdr5T8eQ++kGa1BKkdG2JLEvo1y1cj1kmFK78VB9dBp538oe1EZvzwupNGOl0ZueALotzL5wcXRD9w1Q==",
      "license": "MIT",
      "dependencies": {
        "@ionic/cli-framework-output": "^2.2.8",
        "@ionic/utils-subprocess": "^3.0.1",
        "@ionic/utils-terminal": "^2.3.5",
        "commander": "^12.1.0",
        "debug": "^4.4.0",
        "env-paths": "^2.2.0",
        "fs-extra": "^11.2.0",
        "kleur": "^4.1.5",
        "native-run": "^2.0.3",
        "open": "^8.4.0",
        "plist": "^3.1.0",
        "prompts": "^2.4.2",
        "rimraf": "^6.0.1",
        "semver": "^7.6.3",
        "tar": "^7.5.3",
        "tslib": "^2.8.1",
        "xml2js": "^0.6.2"
      },
      "bin": {
        "cap": "bin/capacitor",
        "capacitor": "bin/capacitor"
      },
      "engines": {
        "node": ">=22.0.0"
      }
    },
    "node_modules/@capacitor/core": {
      "version": "8.4.2",
      "resolved": "https://registry.npmjs.org/@capacitor/core/-/core-8.4.2.tgz",
      "integrity": "sha512-fQPRb3JXRaU2pnufDUvqOjhsrYxDQeFRZyaj/sHydIUxD2NxOGHKMpmKUdI+U4OOmKuGZyvRpi7TSJU+7Bjbmg==",
      "license": "MIT",
      "peer": true,
      "dependencies": {
        "tslib": "^2.1.0"
      }
    },
    "node_modules/@cspotcode/source-map-support": {
      "version": "0.8.1",
      "resolved": "https://registry.npmjs.org/@cspotcode/source-map-support/-/source-map-support-0.8.1.tgz",
      "integrity": "sha512-IchNf6dN4tHoMFIn/7OE8LWZ19Y6q/67Bmf6vnGREv8RSbBVb9LPJxEcnwrcwX6ixSvaiGoomAUvu4YSxXrVgw==",
      "license": "MIT",
      "dependencies": {
        "@jridgewell/trace-mapping": "0.3.9"
      },
      "engines": {
        "node": ">=12"
      }
    },
    "node_modules/@hutson/parse-repository-url": {
      "version": "3.0.2",
      "resolved": "https://registry.npmjs.org/@hutson/parse-repository-url/-/parse-repository-url-3.0.2.tgz",
      "integrity": "sha512-H9XAx3hc0BQHY6l+IFSWHDySypcXsvsuLhgYLUGywmJ5pswRVQJUHpOsobnLYp2ZUaUlKiKDrgWWhosOwAEM8Q==",
      "license": "Apache-2.0",
      "engines": {
        "node": ">=6.9.0"
      }
    },
    "node_modules/@ionic/cli-framework-output": {
      "version": "2.2.8",
      "resolved": "https://registry.npmjs.org/@ionic/cli-framework-output/-/cli-framework-output-2.2.8.tgz",
      "integrity": "sha512-TshtaFQsovB4NWRBydbNFawql6yul7d5bMiW1WYYf17hd99V6xdDdk3vtF51bw6sLkxON3bDQpWsnUc9/hVo3g==",
      "license": "MIT",
      "dependencies": {
        "@ionic/utils-terminal": "2.3.5",
        "debug": "^4.0.0",
        "tslib": "^2.0.1"
      },
      "engines": {
        "node": ">=16.0.0"
      }
    },
    "node_modules/@ionic/utils-array": {
      "version": "2.1.6",
      "resolved": "https://registry.npmjs.org/@ionic/utils-array/-/utils-array-2.1.6.tgz",
      "integrity": "sha512-0JZ1Zkp3wURnv8oq6Qt7fMPo5MpjbLoUoa9Bu2Q4PJuSDWM8H8gwF3dQO7VTeUj3/0o1IB1wGkFWZZYgUXZMUg==",
      "license": "MIT",
      "dependencies": {
        "debug": "^4.0.0",
        "tslib": "^2.0.1"
      },
      "engines": {
        "node": ">=16.0.0"
      }
    },
    "node_modules/@ionic/utils-fs": {
      "version": "3.1.7",
      "resolved": "https://registry.npmjs.org/@ionic/utils-fs/-/utils-fs-3.1.7.tgz",
      "integrity": "sha512-2EknRvMVfhnyhL1VhFkSLa5gOcycK91VnjfrTB0kbqkTFCOXyXgVLI5whzq7SLrgD9t1aqos3lMMQyVzaQ5gVA==",
      "license": "MIT",
      "dependencies": {
        "@types/fs-extra": "^8.0.0",
        "debug": "^4.0.0",
        "fs-extra": "^9.0.0",
        "tslib": "^2.0.1"
      },
      "engines": {
        "node": ">=16.0.0"
      }
    },
    "node_modules/@ionic/utils-fs/node_modules/fs-extra": {
      "version": "9.1.0",
      "resolved": "https://registry.npmjs.org/fs-extra/-/fs-extra-9.1.0.tgz",
      "integrity": "sha512-hcg3ZmepS30/7BSFqRvoo3DOMQu7IjqxO5nCDt+zM9XWjb33Wg7ziNT+Qvqbuc3+gWpzO02JubVyk2G4Zvo1OQ==",
      "license": "MIT",
      "dependencies": {
        "at-least-node": "^1.0.0",
        "graceful-fs": "^4.2.0",
        "jsonfile": "^6.0.1",
        "universalify": "^2.0.0"
      },
      "engines": {
        "node": ">=10"
      }
    },
    "node_modules/@ionic/utils-object": {
      "version": "2.1.6",
      "resolved": "https://registry.npmjs.org/@ionic/utils-object/-/utils-object-2.1.6.tgz",
      "integrity": "sha512-vCl7sl6JjBHFw99CuAqHljYJpcE88YaH2ZW4ELiC/Zwxl5tiwn4kbdP/gxi2OT3MQb1vOtgAmSNRtusvgxI8ww==",
      "license": "MIT",
      "dependencies": {
        "debug": "^4.0.0",
        "tslib": "^2.0.1"
      },
      "engines": {
        "node": ">=16.0.0"
      }
    },
    "node_modules/@ionic/utils-process": {
      "version": "2.1.12",
      "resolved": "https://registry.npmjs.org/@ionic/utils-process/-/utils-process-2.1.12.tgz",
      "integrity": "sha512-Jqkgyq7zBs/v/J3YvKtQQiIcxfJyplPgECMWgdO0E1fKrrH8EF0QGHNJ9mJCn6PYe2UtHNS8JJf5G21e09DfYg==",
      "license": "MIT",
      "dependencies": {
        "@ionic/utils-object": "2.1.6",
        "@ionic/utils-terminal": "2.3.5",
        "debug": "^4.0.0",
        "signal-exit": "^3.0.3",
        "tree-kill": "^1.2.2",
        "tslib": "^2.0.1"
      },
      "engines": {
        "node": ">=16.0.0"
      }
    },
    "node_modules/@ionic/utils-stream": {
      "version": "3.1.7",
      "resolved": "https://registry.npmjs.org/@ionic/utils-stream/-/utils-stream-3.1.7.tgz",
      "integrity": "sha512-eSELBE7NWNFIHTbTC2jiMvh1ABKGIpGdUIvARsNPMNQhxJB3wpwdiVnoBoTYp+5a6UUIww4Kpg7v6S7iTctH1w==",
      "license": "MIT",
      "dependencies": {
        "debug": "^4.0.0",
        "tslib": "^2.0.1"
      },
      "engines": {
        "node": ">=16.0.0"
      }
    },
    "node_modules/@ionic/utils-subprocess": {
      "version": "3.0.1",
      "resolved": "https://registry.npmjs.org/@ionic/utils-subprocess/-/utils-subprocess-3.0.1.tgz",
      "integrity": "sha512-cT4te3AQQPeIM9WCwIg8ohroJ8TjsYaMb2G4ZEgv9YzeDqHZ4JpeIKqG2SoaA3GmVQ3sOfhPM6Ox9sxphV/d1A==",
      "license": "MIT",
      "dependencies": {
        "@ionic/utils-array": "2.1.6",
        "@ionic/utils-fs": "3.1.7",
        "@ionic/utils-process": "2.1.12",
        "@ionic/utils-stream": "3.1.7",
        "@ionic/utils-terminal": "2.3.5",
        "cross-spawn": "^7.0.3",
        "debug": "^4.0.0",
        "tslib": "^2.0.1"
      },
      "engines": {
        "node": ">=16.0.0"
      }
    },
    "node_modules/@ionic/utils-terminal": {
      "version": "2.3.5",
      "resolved": "https://registry.npmjs.org/@ionic/utils-terminal/-/utils-terminal-2.3.5.tgz",
      "integrity": "sha512-3cKScz9Jx2/Pr9ijj1OzGlBDfcmx7OMVBt4+P1uRR0SSW4cm1/y3Mo4OY3lfkuaYifMNBW8Wz6lQHbs1bihr7A==",
      "license": "MIT",
      "dependencies": {
        "@types/slice-ansi": "^4.0.0",
        "debug": "^4.0.0",
        "signal-exit": "^3.0.3",
        "slice-ansi": "^4.0.0",
        "string-width": "^4.1.0",
        "strip-ansi": "^6.0.0",
        "tslib": "^2.0.1",
        "untildify": "^4.0.0",
        "wrap-ansi": "^7.0.0"
      },
      "engines": {
        "node": ">=16.0.0"
      }
    },
    "node_modules/@isaacs/fs-minipass": {
      "version": "4.0.1",
      "resolved": "https://registry.npmjs.org/@isaacs/fs-minipass/-/fs-minipass-4.0.1.tgz",
      "integrity": "sha512-wgm9Ehl2jpeqP3zw/7mo3kRHFp5MEDhqAdwy1fTGkHAwnkGOVsgpvQhL8B5n1qlb01jV3n/bI0ZfZp5lWA1k4w==",
      "license": "ISC",
      "dependencies": {
        "minipass": "^7.0.4"
      },
      "engines": {
        "node": ">=18.0.0"
      }
    },
    "node_modules/@jridgewell/resolve-uri": {
      "version": "3.1.2",
      "resolved": "https://registry.npmjs.org/@jridgewell/resolve-uri/-/resolve-uri-3.1.2.tgz",
      "integrity": "sha512-bRISgCIjP20/tbWSPWMEi54QVPRZExkuD9lJL+UIxUKtwVJA8wW1Trb1jMs1RFXo1CBTNZ/5hpC9QvmKWdopKw==",
      "license": "MIT",
      "engines": {
        "node": ">=6.0.0"
      }
    },
    "node_modules/@jridgewell/sourcemap-codec": {
      "version": "1.5.5",
      "resolved": "https://registry.npmjs.org/@jridgewell/sourcemap-codec/-/sourcemap-codec-1.5.5.tgz",
      "integrity": "sha512-cYQ9310grqxueWbl+WuIUIaiUaDcj7WOq5fVhEljNVgRfOUhY9fy2zTvfoqWsnebh8Sl70VScFbICvJnLKB0Og==",
      "license": "MIT"
    },
    "node_modules/@jridgewell/trace-mapping": {
      "version": "0.3.9",
      "resolved": "https://registry.npmjs.org/@jridgewell/trace-mapping/-/trace-mapping-0.3.9.tgz",
      "integrity": "sha512-3Belt6tdc8bPgAtbcmdtNJlirVoTmEb5e2gC94PnkwEW9jI6CAHUeoG85tjWP5WquqfavoMtMwiG4P926ZKKuQ==",
      "license": "MIT",
      "dependencies": {
        "@jridgewell/resolve-uri": "^3.0.3",
        "@jridgewell/sourcemap-codec": "^1.4.10"
      }
    },
    "node_modules/@prettier/plugin-xml": {
      "version": "2.2.0",
      "resolved": "https://registry.npmjs.org/@prettier/plugin-xml/-/plugin-xml-2.2.0.tgz",
      "integrity": "sha512-UWRmygBsyj4bVXvDiqSccwT1kmsorcwQwaIy30yVh8T+Gspx4OlC0shX1y+ZuwXZvgnafmpRYKks0bAu9urJew==",
      "license": "MIT",
      "dependencies": {
        "@xml-tools/parser": "^1.0.11",
        "prettier": ">=2.4.0"
      }
    },
    "node_modules/@trapezedev/gradle-parse": {
      "version": "7.1.3",
      "resolved": "https://registry.npmjs.org/@trapezedev/gradle-parse/-/gradle-parse-7.1.3.tgz",
      "integrity": "sha512-WQVF5pEJ5o/mUyvfGTG9nBKx9Te/ilKM3r2IT69GlbaooItT5ao7RyF1MUTBNjHLPk/xpGUY3c6PyVnjDlz0Vw==",
      "license": "SEE LICENSE"
    },
    "node_modules/@trapezedev/project": {
      "version": "7.1.4",
      "resolved": "https://registry.npmjs.org/@trapezedev/project/-/project-7.1.4.tgz",
      "integrity": "sha512-b5rszBgT5XiRp/m4V2S2Ara2fdFXhPiduxhvCIVTSHq51PgLBjiTEStL6NbUz3V0K5bebF971O+SLRtyBxfCNA==",
      "license": "SEE LICENSE",
      "dependencies": {
        "@ionic/utils-fs": "^3.1.5",
        "@ionic/utils-subprocess": "^2.1.8",
        "@prettier/plugin-xml": "^2.2.0",
        "@trapezedev/gradle-parse": "7.1.3",
        "@xmldom/xmldom": "^0.9.9",
        "conventional-changelog": "^3.1.4",
        "cross-spawn": "^7.0.3",
        "diff": "^5.1.0",
        "env-paths": "^3.0.0",
        "gradle-to-js": "^2.0.0",
        "ini": "^2.0.0",
        "kleur": "^4.1.5",
        "lodash": "^4.17.21",
        "plist": "^3.0.4",
        "prettier": "^2.7.1",
        "prompts": "^2.4.2",
        "replace": "^1.1.0",
        "tempy": "^3.1.0",
        "tmp": "^0.2.1",
        "ts-node": "^10.2.1",
        "xcode": "^3.0.1",
        "xml-js": "^1.6.11",
        "xpath": "^0.0.32",
        "yargs": "^17.2.1"
      }
    },
    "node_modules/@trapezedev/project/node_modules/@ionic/utils-process": {
      "version": "2.1.11",
      "resolved": "https://registry.npmjs.org/@ionic/utils-process/-/utils-process-2.1.11.tgz",
      "integrity": "sha512-Uavxn+x8j3rDlZEk1X7YnaN6wCgbCwYQOeIjv/m94i1dzslqWhqIHEqxEyeE8HsT5Negboagg7GtQiABy+BLbA==",
      "license": "MIT",
      "dependencies": {
        "@ionic/utils-object": "2.1.6",
        "@ionic/utils-terminal": "2.3.4",
        "debug": "^4.0.0",
        "signal-exit": "^3.0.3",
        "tree-kill": "^1.2.2",
        "tslib": "^2.0.1"
      },
      "engines": {
        "node": ">=16.0.0"
      }
    },
    "node_modules/@trapezedev/project/node_modules/@ionic/utils-stream": {
      "version": "3.1.6",
      "resolved": "https://registry.npmjs.org/@ionic/utils-stream/-/utils-stream-3.1.6.tgz",
      "integrity": "sha512-4+Kitey1lTA1yGtnigeYNhV/0tggI3lWBMjC7tBs1K9GXa/q7q4CtOISppdh8QgtOhrhAXS2Igp8rbko/Cj+lA==",
      "license": "MIT",
      "dependencies": {
        "debug": "^4.0.0",
        "tslib": "^2.0.1"
      },
      "engines": {
        "node": ">=16.0.0"
      }
    },
    "node_modules/@trapezedev/project/node_modules/@ionic/utils-subprocess": {
      "version": "2.1.14",
      "resolved": "https://registry.npmjs.org/@ionic/utils-subprocess/-/utils-subprocess-2.1.14.tgz",
      "integrity": "sha512-nGYvyGVjU0kjPUcSRFr4ROTraT3w/7r502f5QJEsMRKTqa4eEzCshtwRk+/mpASm0kgBN5rrjYA5A/OZg8ahqg==",
      "license": "MIT",
      "dependencies": {
        "@ionic/utils-array": "2.1.6",
        "@ionic/utils-fs": "3.1.7",
        "@ionic/utils-process": "2.1.11",
        "@ionic/utils-stream": "3.1.6",
        "@ionic/utils-terminal": "2.3.4",
        "cross-spawn": "^7.0.3",
        "debug": "^4.0.0",
        "tslib": "^2.0.1"
      },
      "engines": {
        "node": ">=16.0.0"
      }
    },
    "node_modules/@trapezedev/project/node_modules/@ionic/utils-terminal": {
      "version": "2.3.4",
      "resolved": "https://registry.npmjs.org/@ionic/utils-terminal/-/utils-terminal-2.3.4.tgz",
      "integrity": "sha512-cEiMFl3jklE0sW60r8JHH3ijFTwh/jkdEKWbylSyExQwZ8pPuwoXz7gpkWoJRLuoRHHSvg+wzNYyPJazIHfoJA==",
      "license": "MIT",
      "dependencies": {
        "@types/slice-ansi": "^4.0.0",
        "debug": "^4.0.0",
        "signal-exit": "^3.0.3",
        "slice-ansi": "^4.0.0",
        "string-width": "^4.1.0",
        "strip-ansi": "^6.0.0",
        "tslib": "^2.0.1",
        "untildify": "^4.0.0",
        "wrap-ansi": "^7.0.0"
      },
      "engines": {
        "node": ">=16.0.0"
      }
    },
    "node_modules/@trapezedev/project/node_modules/env-paths": {
      "version": "3.0.0",
      "resolved": "https://registry.npmjs.org/env-paths/-/env-paths-3.0.0.tgz",
      "integrity": "sha512-dtJUTepzMW3Lm/NPxRf3wP4642UWhjL2sQxc+ym2YMj1m/H2zDNQOlezafzkHwn6sMstjHTwG6iQQsctDW/b1A==",
      "license": "MIT",
      "engines": {
        "node": "^12.20.0 || ^14.13.1 || >=16.0.0"
      },
      "funding": {
        "url": "https://github.com/sponsors/sindresorhus"
      }
    },
    "node_modules/@trapezedev/project/node_modules/ini": {
      "version": "2.0.0",
      "resolved": "https://registry.npmjs.org/ini/-/ini-2.0.0.tgz",
      "integrity": "sha512-7PnF4oN3CvZF23ADhA5wRaYEQpJ8qygSkbtTXWBeXWXmEVRXK+1ITciHWwHhsjv1TmW0MgacIv6hEi5pX5NQdA==",
      "license": "ISC",
      "engines": {
        "node": ">=10"
      }
    },
    "node_modules/@tsconfig/node10": {
      "version": "1.0.12",
      "resolved": "https://registry.npmjs.org/@tsconfig/node10/-/node10-1.0.12.tgz",
      "integrity": "sha512-UCYBaeFvM11aU2y3YPZ//O5Rhj+xKyzy7mvcIoAjASbigy8mHMryP5cK7dgjlz2hWxh1g5pLw084E0a/wlUSFQ==",
      "license": "MIT"
    },
    "node_modules/@tsconfig/node12": {
      "version": "1.0.11",
      "resolved": "https://registry.npmjs.org/@tsconfig/node12/-/node12-1.0.11.tgz",
      "integrity": "sha512-cqefuRsh12pWyGsIoBKJA9luFu3mRxCA+ORZvA4ktLSzIuCUtWVxGIuXigEwO5/ywWFMZ2QEGKWvkZG1zDMTag==",
      "license": "MIT"
    },
    "node_modules/@tsconfig/node14": {
      "version": "1.0.3",
      "resolved": "https://registry.npmjs.org/@tsconfig/node14/-/node14-1.0.3.tgz",
      "integrity": "sha512-ysT8mhdixWK6Hw3i1V2AeRqZ5WfXg1G43mqoYlM2nc6388Fq5jcXyr5mRsqViLx/GJYdoL0bfXD8nmF+Zn/Iow==",
      "license": "MIT"
    },
    "node_modules/@tsconfig/node16": {
      "version": "1.0.4",
      "resolved": "https://registry.npmjs.org/@tsconfig/node16/-/node16-1.0.4.tgz",
      "integrity": "sha512-vxhUy4J8lyeyinH7Azl1pdd43GJhZH/tP2weN8TntQblOY+A0XbT8DJk1/oCPuOOyg/Ja757rG0CgHcWC8OfMA==",
      "license": "MIT"
    },
    "node_modules/@types/fs-extra": {
      "version": "8.1.5",
      "resolved": "https://registry.npmjs.org/@types/fs-extra/-/fs-extra-8.1.5.tgz",
      "integrity": "sha512-0dzKcwO+S8s2kuF5Z9oUWatQJj5Uq/iqphEtE3GQJVRRYm/tD1LglU2UnXi2A8jLq5umkGouOXOR9y0n613ZwQ==",
      "license": "MIT",
      "dependencies": {
        "@types/node": "*"
      }
    },
    "node_modules/@types/minimist": {
      "version": "1.2.5",
      "resolved": "https://registry.npmjs.org/@types/minimist/-/minimist-1.2.5.tgz",
      "integrity": "sha512-hov8bUuiLiyFPGyFPE1lwWhmzYbirOXQNNo40+y3zow8aFVTeyn3VWL0VFFfdNddA8S4Vf0Tc062rzyNr7Paag==",
      "license": "MIT"
    },
    "node_modules/@types/node": {
      "version": "26.1.1",
      "resolved": "https://registry.npmjs.org/@types/node/-/node-26.1.1.tgz",
      "integrity": "sha512-nxAkRSVkN1Y0JC1W8ky/fTfkGsMmcrRsbx+3XoZE+rMOX71kLYTV7fLXpqud1GpbpP5TuffXFqfX7fH2GgZREw==",
      "license": "MIT",
      "peer": true,
      "dependencies": {
        "undici-types": "~8.3.0"
      }
    },
    "node_modules/@types/normalize-package-data": {
      "version": "2.4.4",
      "resolved": "https://registry.npmjs.org/@types/normalize-package-data/-/normalize-package-data-2.4.4.tgz",
      "integrity": "sha512-37i+OaWTh9qeK4LSHPsyRC7NahnGotNuZvjLSgcPzblpHB3rrCJxAOgI5gCdKm7coonsaX1Of0ILiTcnZjbfxA==",
      "license": "MIT"
    },
    "node_modules/@types/slice-ansi": {
      "version": "4.0.0",
      "resolved": "https://registry.npmjs.org/@types/slice-ansi/-/slice-ansi-4.0.0.tgz",
      "integrity": "sha512-+OpjSaq85gvlZAYINyzKpLeiFkSC4EsC6IIiT6v6TLSU5k5U83fHGj9Lel8oKEXM0HqgrMVCjXPDPVICtxF7EQ==",
      "license": "MIT"
    },
    "node_modules/@typescript/typescript-aix-ppc64": {
      "version": "7.0.2",
      "resolved": "https://registry.npmjs.org/@typescript/typescript-aix-ppc64/-/typescript-aix-ppc64-7.0.2.tgz",
      "integrity": "sha512-MTKKkWB7p/0E9xi1d1tHtZ5PiLkGEMIq88pK2CubZjOsLtYTLqhgIgi6zepFa+9GHZ6h05NMCkQxGKiPXMxXtQ==",
      "cpu": [
        "ppc64"
      ],
      "license": "Apache-2.0",
      "optional": true,
      "os": [
        "aix"
      ],
      "engines": {
        "node": ">=16.20.0"
      }
    },
    "node_modules/@typescript/typescript-darwin-arm64": {
      "version": "7.0.2",
      "resolved": "https://registry.npmjs.org/@typescript/typescript-darwin-arm64/-/typescript-darwin-arm64-7.0.2.tgz",
      "integrity": "sha512-gowzar9MwS/aRWp6f3a4KUqzRjAZjOsmGNCM6LcTgXum+dBfgsBVMN+AgvOCCbguXyick6LJhpBszxMebJ8syA==",
      "cpu": [
        "arm64"
      ],
      "license": "Apache-2.0",
      "optional": true,
      "os": [
        "darwin"
      ],
      "engines": {
        "node": ">=16.20.0"
      }
    },
    "node_modules/@typescript/typescript-darwin-x64": {
      "version": "7.0.2",
      "resolved": "https://registry.npmjs.org/@typescript/typescript-darwin-x64/-/typescript-darwin-x64-7.0.2.tgz",
      "integrity": "sha512-SZ9xZInqApNlNGc9s0W1VSsktYSOe9cFqNOIqmN1Gs8SmkjKZYFt017G4VwPxASInODuAdbTW7sXiFUf893RgA==",
      "cpu": [
        "x64"
      ],
      "license": "Apache-2.0",
      "optional": true,
      "os": [
        "darwin"
      ],
      "engines": {
        "node": ">=16.20.0"
      }
    },
    "node_modules/@typescript/typescript-freebsd-arm64": {
      "version": "7.0.2",
      "resolved": "https://registry.npmjs.org/@typescript/typescript-freebsd-arm64/-/typescript-freebsd-arm64-7.0.2.tgz",
      "integrity": "sha512-W5NH4y/J0plIIS5b2xvTEkU7JFxyqdMAOgf+Ilhl0vHQXKO5dZoxd+C/jEtq56c4F3wk71RB4BMRQ2XdI+bwYQ==",
      "cpu": [
        "arm64"
      ],
      "license": "Apache-2.0",
      "optional": true,
      "os": [
        "freebsd"
      ],
      "engines": {
        "node": ">=16.20.0"
      }
    },
    "node_modules/@typescript/typescript-freebsd-x64": {
      "version": "7.0.2",
      "resolved": "https://registry.npmjs.org/@typescript/typescript-freebsd-x64/-/typescript-freebsd-x64-7.0.2.tgz",
      "integrity": "sha512-UMGDx5sTpzNw3WiPebH7l90IWfJggEd+egHt/q6p7/Cm3zqoV7VxkGXt+3DxPIw8CcmvAB0j3sVVfbhX+M4Tpw==",
      "cpu": [
        "x64"
      ],
      "license": "Apache-2.0",
      "optional": true,
      "os": [
        "freebsd"
      ],
      "engines": {
        "node": ">=16.20.0"
      }
    },
    "node_modules/@typescript/typescript-linux-arm": {
      "version": "7.0.2",
      "resolved": "https://registry.npmjs.org/@typescript/typescript-linux-arm/-/typescript-linux-arm-7.0.2.tgz",
      "integrity": "sha512-gffT3xPz9sR7j/YJExkyPntrI0P2EP9XbOyWzth2/Gs0RstK+90RBcO0ncXoXy/beYll1SXw846Nf2zdnEz0QQ==",
      "cpu": [
        "arm"
      ],
      "license": "Apache-2.0",
      "optional": true,
      "os": [
        "linux"
      ],
      "engines": {
        "node": ">=16.20.0"
      }
    },
    "node_modules/@typescript/typescript-linux-arm64": {
      "version": "7.0.2",
      "resolved": "https://registry.npmjs.org/@typescript/typescript-linux-arm64/-/typescript-linux-arm64-7.0.2.tgz",
      "integrity": "sha512-Qh4eU4/y3yDjnfjjyPYihMj5/ODIlmt+Bzu17OI+fiSRDW57QmU5SiN63exPRNJPKUzcc1INa1NXdrJ+MqHjUQ==",
      "cpu": [
        "arm64"
      ],
      "license": "Apache-2.0",
      "optional": true,
      "os": [
        "linux"
      ],
      "engines": {
        "node": ">=16.20.0"
      }
    },
    "node_modules/@typescript/typescript-linux-loong64": {
      "version": "7.0.2",
      "resolved": "https://registry.npmjs.org/@typescript/typescript-linux-loong64/-/typescript-linux-loong64-7.0.2.tgz",
      "integrity": "sha512-uEHck9i8hoAzXPiYRib1O7miOnz23SxIeVl6F4LXox+qov1K35jHcEW6VHKvZI+pyvl7fZEP4MCU5LYvIq1GuQ==",
      "cpu": [
        "loong64"
      ],
      "license": "Apache-2.0",
      "optional": true,
      "os": [
        "linux"
      ],
      "engines": {
        "node": ">=16.20.0"
      }
    },
    "node_modules/@typescript/typescript-linux-mips64el": {
      "version": "7.0.2",
      "resolved": "https://registry.npmjs.org/@typescript/typescript-linux-mips64el/-/typescript-linux-mips64el-7.0.2.tgz",
      "integrity": "sha512-R4KvAMnE43W5Qeqb0Ly56O3mWMWIAgsMyz36DCaycd5nbg/9kzm0liw3JocfRqyJY0KPmzFjbswozXyW0DnIYA==",
      "cpu": [
        "mips64el"
      ],
      "license": "Apache-2.0",
      "optional": true,
      "os": [
        "linux"
      ],
      "engines": {
        "node": ">=16.20.0"
      }
    },
    "node_modules/@typescript/typescript-linux-ppc64": {
      "version": "7.0.2",
      "resolved": "https://registry.npmjs.org/@typescript/typescript-linux-ppc64/-/typescript-linux-ppc64-7.0.2.tgz",
      "integrity": "sha512-DORx5b3sd/4S7eayxm4FQv+A7CrkUIGRaHiwI8oiHTAI1fAPWhF4J0vAlkC8biAlHSVVwxMQ3tjZ2/DVbnQiiA==",
      "cpu": [
        "ppc64"
      ],
      "license": "Apache-2.0",
      "optional": true,
      "os": [
        "linux"
      ],
      "engines": {
        "node": ">=16.20.0"
      }
    },
    "node_modules/